
Microsoft Visual Studio Solution File, Format Version 12.00
# Visual Studio Version 17
VisualStudioVersion = 17.4.33103.184
MinimumVisualStudioVersion = 10.0.40219.1
Project("{FAE04EC0-301F-11D3-BF4B-00C04F79EFBC}") = "BlazorApp1", "BlazorApp1\BlazorApp1.csproj", "{9422909B-86F7-41AC-96F8-440544F1D1CA}"
EndProject
Global
	GlobalSection(SolutionConfigurationPlatforms) = preSolution
		Debug|Any CPU = Debug|Any CPU
		Release|Any CPU = Release|Any CPU
	EndGlobalSection
	GlobalSection(ProjectConfigurationPlatforms) = postSolution
		{9422909B-86F7-41AC-96F8-440544F1D1CA}.Debug|Any CPU.ActiveCfg = Debug|Any CPU
		{9422909B-86F7-41AC-96F8-440544F1D1CA}.Debug|Any CPU.Build.0 = Debug|Any CPU
		{9422909B-86F7-41AC-96F8-440544F1D1CA}.Release|Any CPU.ActiveCfg = Release|Any CPU
		{9422909B-86F7-41AC-96F8-440544F1D1CA}.Release|Any CPU.Build.0 = Release|Any CPU
	EndGlobalSection
	GlobalSection(SolutionProperties) = preSolution
		HideSolutionNode = FALSE
	EndGlobalSection
	GlobalSection(ExtensibilityGlobals) = postSolution
		SolutionGuid = {5E3AE10E-0537-46AE-B54E-508695858107}
	EndGlobalSection
EndGlobal
